
Microsoft Visual Studio Solution File, Format Version 11.00
# Visual Studio 2010
Project("{FAE04EC0-301F-11D3-BF4B-00C04F79EFBC}") = "Build an Apartment", "Assembly-CSharp.csproj", "{AE81A634-B692-573A-940A-738E73B6BD08}"
EndProject
Project("{FAE04EC0-301F-11D3-BF4B-00C04F79EFBC}") = "Build an Apartment", "Assembly-CSharp-Editor.csproj", "{E5106C4C-2168-076A-7580-7BCEB82431C8}"
EndProject
Global
	GlobalSection(SolutionConfigurationPlatforms) = preSolution
		Debug|Any CPU = Debug|Any CPU
		Release|Any CPU = Release|Any CPU
	EndGlobalSection
	GlobalSection(ProjectConfigurationPlatforms) = postSolution
		{AE81A634-B692-573A-940A-738E73B6BD08}.Debug|Any CPU.ActiveCfg = Debug|Any CPU
		{AE81A634-B692-573A-940A-738E73B6BD08}.Debug|Any CPU.Build.0 = Debug|Any CPU
		{AE81A634-B692-573A-940A-738E73B6BD08}.Release|Any CPU.ActiveCfg = Release|Any CPU
		{AE81A634-B692-573A-940A-738E73B6BD08}.Release|Any CPU.Build.0 = Release|Any CPU
		{E5106C4C-2168-076A-7580-7BCEB82431C8}.Debug|Any CPU.ActiveCfg = Debug|Any CPU
		{E5106C4C-2168-076A-7580-7BCEB82431C8}.Debug|Any CPU.Build.0 = Debug|Any CPU
		{E5106C4C-2168-076A-7580-7BCEB82431C8}.Release|Any CPU.ActiveCfg = Release|Any CPU
		{E5106C4C-2168-076A-7580-7BCEB82431C8}.Release|Any CPU.Build.0 = Release|Any CPU
	EndGlobalSection
	GlobalSection(SolutionProperties) = preSolution
		HideSolutionNode = FALSE
	EndGlobalSection
	GlobalSection(MonoDevelopProperties) = preSolution
		StartupItem = Assembly-CSharp.csproj
	EndGlobalSection
EndGlobal
